%{
  "credo": {:hex, :credo, "0.0.1-dev", "1737ee61540b978d5f882c495b2daea42422f201ca839d2695a2960c88d9601e", [:mix], [{:dogma, "~> 0.0.7", [hex: :dogma, repo: "hexpm", optional: false]}, {:poison, "~> 1.2", [hex: :poison, repo: "hexpm", optional: false]}], "hexpm", "7f4ea0c2de0e3657a8749635e09b549858c7dc22bab8084b762a66f151cd0c2e"},
  "dogma": {:hex, :dogma, "0.0.11", "1396bfe10a962b5c5b0468eba6eb3be85d693d55f2d698fda29660a059eb2180", [:mix], [{:poison, "~> 1.0", [hex: :poison, repo: "hexpm", optional: false]}], "hexpm", "35c7df2641fbfa436f1426550deaa20afe2fc8bf1faf7adcf79e6159c92e9765"},
  "jason": {:hex, :jason, "1.4.4", "b9226785a9aa77b6857ca22832cffa5d5011a667207eb2a0ad56adb5db443b8a", [:mix], [{:decimal, "~> 1.0 or ~> 2.0", [hex: :decimal, repo: "hexpm", optional: true]}], "hexpm", "c5eb0cab91f094599f94d55bc63409236a8ec69a21a67814529e8d5f6cc90b3b"},
  "poison": {:hex, :poison, "1.5.2", "560bdfb7449e3ddd23a096929fb9fc2122f709bcc758b2d5d5a5c7d0ea848910", [:mix], [], "hexpm", "4afc59dcadf71be7edc8b934b39f554ec7b31e2b1b1a4767383a663f86958ce3"},
  "rustler": {:hex, :rustler, "0.36.1", "2d4b1ff57ea2789a44756a40dbb5fbb73c6ee0a13d031dcba96d0a5542598a6a", [:mix], [{:jason, "~> 1.0", [hex: :jason, repo: "hexpm", optional: false]}, {:toml, "~> 0.7", [hex: :toml, repo: "hexpm", optional: false]}], "hexpm", "f3fba4ad272970e0d1bc62972fc4a99809651e54a125c5242de9bad4574b2d02"},
  "toml": {:hex, :toml, "0.7.0", "fbcd773caa937d0c7a02c301a1feea25612720ac3fa1ccb8bfd9d30d822911de", [:mix], [], "hexpm", "0690246a2478c1defd100b0c9b89b4ea280a22be9a7b313a8a058a2408a2fa70"},
}
